
Microsoft Visual Studio Solution File, Format Version 12.00
# Visual Studio 15
VisualStudioVersion = 15.0.28307.1738
MinimumVisualStudioVersion = 10.0.40219.1
Project("{FAE04EC0-301F-11D3-BF4B-00C04F79EFBC}") = "ShoeWebpage", "ShoeWebpage\ShoeWebpage.csproj", "{0CF29BAA-9060-4365-8774-137BB19030D3}"
EndProject
Global
	GlobalSection(SolutionConfigurationPlatforms) = preSolution
		Debug|Any CPU = Debug|Any CPU
		Release|Any CPU = Release|Any CPU
	EndGlobalSection
	GlobalSection(ProjectConfigurationPlatforms) = postSolution
		{0CF29BAA-9060-4365-8774-137BB19030D3}.Debug|Any CPU.ActiveCfg = Debug|Any CPU
		{0CF29BAA-9060-4365-8774-137BB19030D3}.Debug|Any CPU.Build.0 = Debug|Any CPU
		{0CF29BAA-9060-4365-8774-137BB19030D3}.Release|Any CPU.ActiveCfg = Release|Any CPU
		{0CF29BAA-9060-4365-8774-137BB19030D3}.Release|Any CPU.Build.0 = Release|Any CPU
	EndGlobalSection
	GlobalSection(SolutionProperties) = preSolution
		HideSolutionNode = FALSE
	EndGlobalSection
	GlobalSection(ExtensibilityGlobals) = postSolution
		SolutionGuid = {812B6541-2E5C-424A-B283-474A5A035113}
	EndGlobalSection
EndGlobal
